{
  "name": "shopint-get-search-results",
  "version": "1.0.0",
  "lockfileVersion": 1,
  "requires": true,
  "dependencies": {
    "google-search-results-nodejs": {
      "version": "2.0.1",
      "resolved": "https://registry.npmjs.org/google-search-results-nodejs/-/google-search-results-nodejs-2.0.1.tgz",
      "integrity": "sha512-DfiqawBwliUfdy//OUtbIxaU2r7f2frwbCedr6GLZoP5ucZKFiSDvmb1xyXRng744ElHpeSxmhnwDTwVQTk5zw=="
    }
  }
}
