# THIS IS AN AUTOGENERATED FILE. DO NOT EDIT THIS FILE DIRECTLY.
# yarn lockfile v1


google-search-results-nodejs@^2.0.1:
  version "2.0.1"
  resolved "https://registry.yarnpkg.com/google-search-results-nodejs/-/google-search-results-nodejs-2.0.1.tgz#af9a06c431efb2be853423fdc93f4e951c6b870e"
  integrity sha512-DfiqawBwliUfdy//OUtbIxaU2r7f2frwbCedr6GLZoP5ucZKFiSDvmb1xyXRng744ElHpeSxmhnwDTwVQTk5zw==
